{
  "name": "@joycexiu-cli-dev/core",
  "version": "1.0.1",
  "lockfileVersion": 2,
  "requires": true,
  "packages": {
    "": {
      "name": "@joycexiu-cli-dev/core",
      "version": "1.0.0",
      "license": "ISC",
      "dependencies": {
        "@joycexiu-cli-dev/utils": "file:../../utils/utils"
      },
      "bin": {
        "joycexiu-cli-dev": "bin/index.js"
      }
    },
    "../../utils/utils": {
      "version": "1.0.0",
      "license": "ISC"
    },
    "../utils": {
      "version": "1.0.0",
      "extraneous": true,
      "license": "ISC"
    },
    "node_modules/@joycexiu-cli-dev/utils": {
      "resolved": "../../utils/utils",
      "link": true
    }
  },
  "dependencies": {
    "@joycexiu-cli-dev/utils": {
      "version": "file:../../utils/utils"
    }
  }
}
